// !$*UTF8*$!
{
	archiveVersion = 1;
	classes = {
	};
	objectVersion = 56;
	objects = {

/* Begin PBXBuildFile section */
		6F5CB5F329F1D4B800E6BE50 /* swanappApp.swift in Sources */ = {isa = PBXBuildFile; fileRef = 6F5CB5F229F1D4B800E6BE50 /* swanappApp.swift */; };
		6F5CB5F529F1D4B800E6BE50 /* ContentView.swift in Sources */ = {isa = PBXBuildFile; fileRef = 6F5CB5F429F1D4B800E6BE50 /* ContentView.swift */; };
		6F5CB5F729F1D4BB00E6BE50 /* Assets.xcassets in Resources */ = {isa = PBXBuildFile; fileRef = 6F5CB5F629F1D4BB00E6BE50 /* Assets.xcassets */; };
		6F5CB5FB29F1D4BB00E6BE50 /* Preview Assets.xcassets in Resources */ = {isa = PBXBuildFile; fileRef = 6F5CB5FA29F1D4BB00E6BE50 /* Preview Assets.xcassets */; };
		6F5CB60529F1D4BB00E6BE50 /* swanappTests.swift in Sources */ = {isa = PBXBuildFile; fileRef = 6F5CB60429F1D4BB00E6BE50 /* swanappTests.swift */; };
		6F5CB60F29F1D4BB00E6BE50 /* swanappUITests.swift in Sources */ = {isa = PBXBuildFile; fileRef = 6F5CB60E29F1D4BB00E6BE50 /* swanappUITests.swift */; };
		6F5CB61129F1D4BB00E6BE50 /* swanappUITestsLaunchTests.swift in Sources */ = {isa = PBXBuildFile; fileRef = 6F5CB61029F1D4BB00E6BE50 /* swanappUITestsLaunchTests.swift */; };
/* End PBXBuildFile section */

/* Begin PBXContainerItemProxy section */
		6F5CB60129F1D4BB00E6BE50 /* PBXContainerItemProxy */ = {
			isa = PBXContainerItemProxy;
			containerPortal = 6F5CB5E729F1D4B800E6BE50 /* Project object */;
			proxyType = 1;
			remoteGlobalIDString = 6F5CB5EE29F1D4B800E6BE50;
			remoteInfo = swanapp;
		};
		6F5CB60B29F1D4BB00E6BE50 /* PBXContainerItemProxy */ = {
			isa = PBXContainerItemProxy;
			containerPortal = 6F5CB5E729F1D4B800E6BE50 /* Project object */;
			proxyType = 1;
			remoteGlobalIDString = 6F5CB5EE29F1D4B800E6BE50;
			remoteInfo = swanapp;
		};
/* End PBXContainerItemProxy section */

/* Begin PBXFileReference section */
		6F5CB5EF29F1D4B800E6BE50 /* swanapp.app */ = {isa = PBXFileReference; explicitFileType = wrapper.application; includeInIndex = 0; path = swanapp.app; sourceTree = BUILT_PRODUCTS_DIR; };
		6F5CB5F229F1D4B800E6BE50 /* swanappApp.swift */ = {isa = PBXFileReference; lastKnownFileType = sourcecode.swift; path = swanappApp.swift; sourceTree = "<group>"; };
		6F5CB5F429F1D4B800E6BE50 /* ContentView.swift */ = {isa = PBXFileReference; lastKnownFileType = sourcecode.swift; path = ContentView.swift; sourceTree = "<group>"; };
		6F5CB5F629F1D4BB00E6BE50 /* Assets.xcassets */ = {isa = PBXFileReference; lastKnownFileType = folder.assetcatalog; path = Assets.xcassets; sourceTree = "<group>"; };
		6F5CB5F829F1D4BB00E6BE50 /* swanapp.entitlements */ = {isa = PBXFileReference; lastKnownFileType = text.plist.entitlements; path = swanapp.entitlements; sourceTree = "<group>"; };
		6F5CB5FA29F1D4BB00E6BE50 /* Preview Assets.xcassets */ = {isa = PBXFileReference; lastKnownFileType = folder.assetcatalog; path = "Preview Assets.xcassets"; sourceTree = "<group>"; };
		6F5CB60029F1D4BB00E6BE50 /* swanappTests.xctest */ = {isa = PBXFileReference; explicitFileType = wrapper.cfbundle; includeInIndex = 0; path = swanappTests.xctest; sourceTree = BUILT_PRODUCTS_DIR; };
		6F5CB60429F1D4BB00E6BE50 /* swanappTests.swift */ = {isa = PBXFileReference; lastKnownFileType = sourcecode.swift; path = swanappTests.swift; sourceTree = "<group>"; };
		6F5CB60A29F1D4BB00E6BE50 /* swanappUITests.xctest */ = {isa = PBXFileReference; explicitFileType = wrapper.cfbundle; includeInIndex = 0; path = swanappUITests.xctest; sourceTree = BUILT_PRODUCTS_DIR; };
		6F5CB60E29F1D4BB00E6BE50 /* swanappUITests.swift */ = {isa = PBXFileReference; lastKnownFileType = sourcecode.swift; path = swanappUITests.swift; sourceTree = "<group>"; };
		6F5CB61029F1D4BB00E6BE50 /* swanappUITestsLaunchTests.swift */ = {isa = PBXFileReference; lastKnownFileType = sourcecode.swift; path = swanappUITestsLaunchTests.swift; sourceTree = "<group>"; };
/* End PBXFileReference section */

/* Begin PBXFrameworksBuildPhase section */
		6F5CB5EC29F1D4B800E6BE50 /* Frameworks */ = {
			isa = PBXFrameworksBuildPhase;
			buildActionMask = 2147483647;
			files = (
			);
			runOnlyForDeploymentPostprocessing = 0;
		};
		6F5CB5FD29F1D4BB00E6BE50 /* Frameworks */ = {
			isa = PBXFrameworksBuildPhase;
			buildActionMask = 2147483647;
			files = (
			);
			runOnlyForDeploymentPostprocessing = 0;
		};
		6F5CB60729F1D4BB00E6BE50 /* Frameworks */ = {
			isa = PBXFrameworksBuildPhase;
			buildActionMask = 2147483647;
			files = (
			);
			runOnlyForDeploymentPostprocessing = 0;
		};
/* End PBXFrameworksBuildPhase section */

/* Begin PBXGroup section */
		6F5CB5E629F1D4B800E6BE50 = {
			isa = PBXGroup;
			children = (
				6F5CB5F129F1D4B800E6BE50 /* swanapp */,
				6F5CB60329F1D4BB00E6BE50 /* swanappTests */,
				6F5CB60D29F1D4BB00E6BE50 /* swanappUITests */,
				6F5CB5F029F1D4B800E6BE50 /* Products */,
			);
			sourceTree = "<group>";
		};
		6F5CB5F029F1D4B800E6BE50 /* Products */ = {
			isa = PBXGroup;
			children = (
				6F5CB5EF29F1D4B800E6BE50 /* swanapp.app */,
				6F5CB60029F1D4BB00E6BE50 /* swanappTests.xctest */,
				6F5CB60A29F1D4BB00E6BE50 /* swanappUITests.xctest */,
			);
			name = Products;
			sourceTree = "<group>";
		};
		6F5CB5F129F1D4B800E6BE50 /* swanapp */ = {
			isa = PBXGroup;
			children = (
				6F5CB5F229F1D4B800E6BE50 /* swanappApp.swift */,
				6F5CB5F429F1D4B800E6BE50 /* ContentView.swift */,
				6F5CB5F629F1D4BB00E6BE50 /* Assets.xcassets */,
				6F5CB5F829F1D4BB00E6BE50 /* swanapp.entitlements */,
				6F5CB5F929F1D4BB00E6BE50 /* Preview Content */,
			);
			path = swanapp;
			sourceTree = "<group>";
		};
		6F5CB5F929F1D4BB00E6BE50 /* Preview Content */ = {
			isa = PBXGroup;
			children = (
				6F5CB5FA29F1D4BB00E6BE50 /* Preview Assets.xcassets */,
			);
			path = "Preview Content";
			sourceTree = "<group>";
		};
		6F5CB60329F1D4BB00E6BE50 /* swanappTests */ = {
			isa = PBXGroup;
			children = (
				6F5CB60429F1D4BB00E6BE50 /* swanappTests.swift */,
			);
			path = swanappTests;
			sourceTree = "<group>";
		};
		6F5CB60D29F1D4BB00E6BE50 /* swanappUITests */ = {
			isa = PBXGroup;
			children = (
				6F5CB60E29F1D4BB00E6BE50 /* swanappUITests.swift */,
				6F5CB61029F1D4BB00E6BE50 /* swanappUITestsLaunchTests.swift */,
			);
			path = swanappUITests;
			sourceTree = "<group>";
		};
/* End PBXGroup section */

/* Begin PBXNativeTarget section */
		6F5CB5EE29F1D4B800E6BE50 /* swanapp */ = {
			isa = PBXNativeTarget;
			buildConfigurationList = 6F5CB61429F1D4BB00E6BE50 /* Build configuration list for PBXNativeTarget "swanapp" */;
			buildPhases = (
				6F5CB5EB29F1D4B800E6BE50 /* Sources */,
				6F5CB5EC29F1D4B800E6BE50 /* Frameworks */,
				6F5CB5ED29F1D4B800E6BE50 /* Resources */,
			);
			buildRules = (
			);
			dependencies = (
			);
			name = swanapp;
			productName = swanapp;
			productReference = 6F5CB5EF29F1D4B800E6BE50 /* swanapp.app */;
			productType = "com.apple.product-type.application";
		};
		6F5CB5FF29F1D4BB00E6BE50 /* swanappTests */ = {
			isa = PBXNativeTarget;
			buildConfigurationList = 6F5CB61729F1D4BB00E6BE50 /* Build configuration list for PBXNativeTarget "swanappTests" */;
			buildPhases = (
				6F5CB5FC29F1D4BB00E6BE50 /* Sources */,
				6F5CB5FD29F1D4BB00E6BE50 /* Frameworks */,
				6F5CB5FE29F1D4BB00E6BE50 /* Resources */,
			);
			buildRules = (
			);
			dependencies = (
				6F5CB60229F1D4BB00E6BE50 /* PBXTargetDependency */,
			);
			name = swanappTests;
			productName = swanappTests;
			productReference = 6F5CB60029F1D4BB00E6BE50 /* swanappTests.xctest */;
			productType = "com.apple.product-type.bundle.unit-test";
		};
		6F5CB60929F1D4BB00E6BE50 /* swanappUITests */ = {
			isa = PBXNativeTarget;
			buildConfigurationList = 6F5CB61A29F1D4BB00E6BE50 /* Build configuration list for PBXNativeTarget "swanappUITests" */;
			buildPhases = (
				6F5CB60629F1D4BB00E6BE50 /* Sources */,
				6F5CB60729F1D4BB00E6BE50 /* Frameworks */,
				6F5CB60829F1D4BB00E6BE50 /* Resources */,
			);
			buildRules = (
			);
			dependencies = (
				6F5CB60C29F1D4BB00E6BE50 /* PBXTargetDependency */,
			);
			name = swanappUITests;
			productName = swanappUITests;
			productReference = 6F5CB60A29F1D4BB00E6BE50 /* swanappUITests.xctest */;
			productType = "com.apple.product-type.bundle.ui-testing";
		};
/* End PBXNativeTarget section */

/* Begin PBXProject section */
		6F5CB5E729F1D4B800E6BE50 /* Project object */ = {
			isa = PBXProject;
			attributes = {
				BuildIndependentTargetsInParallel = 1;
				LastSwiftUpdateCheck = 1420;
				LastUpgradeCheck = 1420;
				TargetAttributes = {
					6F5CB5EE29F1D4B800E6BE50 = {
						CreatedOnToolsVersion = 14.2;
					};
					6F5CB5FF29F1D4BB00E6BE50 = {
						CreatedOnToolsVersion = 14.2;
						TestTargetID = 6F5CB5EE29F1D4B800E6BE50;
					};
					6F5CB60929F1D4BB00E6BE50 = {
						CreatedOnToolsVersion = 14.2;
						TestTargetID = 6F5CB5EE29F1D4B800E6BE50;
					};
				};
			};
			buildConfigurationList = 6F5CB5EA29F1D4B800E6BE50 /* Build configuration list for PBXProject "swanapp" */;
			compatibilityVersion = "Xcode 14.0";
			developmentRegion = en;
			hasScannedForEncodings = 0;
			knownRegions = (
				en,
				Base,
			);
			mainGroup = 6F5CB5E629F1D4B800E6BE50;
			productRefGroup = 6F5CB5F029F1D4B800E6BE50 /* Products */;
			projectDirPath = "";
			projectRoot = "";
			targets = (
				6F5CB5EE29F1D4B800E6BE50 /* swanapp */,
				6F5CB5FF29F1D4BB00E6BE50 /* swanappTests */,
				6F5CB60929F1D4BB00E6BE50 /* swanappUITests */,
			);
		};
/* End PBXProject section */

/* Begin PBXResourcesBuildPhase section */
		6F5CB5ED29F1D4B800E6BE50 /* Resources */ = {
			isa = PBXResourcesBuildPhase;
			buildActionMask = 2147483647;
			files = (
				6F5CB5FB29F1D4BB00E6BE50 /* Preview Assets.xcassets in Resources */,
				6F5CB5F729F1D4BB00E6BE50 /* Assets.xcassets in Resources */,
			);
			runOnlyForDeploymentPostprocessing = 0;
		};
		6F5CB5FE29F1D4BB00E6BE50 /* Resources */ = {
			isa = PBXResourcesBuildPhase;
			buildActionMask = 2147483647;
			files = (
			);
			runOnlyForDeploymentPostprocessing = 0;
		};
		6F5CB60829F1D4BB00E6BE50 /* Resources */ = {
			isa = PBXResourcesBuildPhase;
			buildActionMask = 2147483647;
			files = (
			);
			runOnlyForDeploymentPostprocessing = 0;
		};
/* End PBXResourcesBuildPhase section */

/* Begin PBXSourcesBuildPhase section */
		6F5CB5EB29F1D4B800E6BE50 /* Sources */ = {
			isa = PBXSourcesBuildPhase;
			buildActionMask = 2147483647;
			files = (
				6F5CB5F529F1D4B800E6BE50 /* ContentView.swift in Sources */,
				6F5CB5F329F1D4B800E6BE50 /* swanappApp.swift in Sources */,
			);
			runOnlyForDeploymentPostprocessing = 0;
		};
		6F5CB5FC29F1D4BB00E6BE50 /* Sources */ = {
			isa = PBXSourcesBuildPhase;
			buildActionMask = 2147483647;
			files = (
				6F5CB60529F1D4BB00E6BE50 /* swanappTests.swift in Sources */,
			);
			runOnlyForDeploymentPostprocessing = 0;
		};
		6F5CB60629F1D4BB00E6BE50 /* Sources */ = {
			isa = PBXSourcesBuildPhase;
			buildActionMask = 2147483647;
			files = (
				6F5CB60F29F1D4BB00E6BE50 /* swanappUITests.swift in Sources */,
				6F5CB61129F1D4BB00E6BE50 /* swanappUITestsLaunchTests.swift in Sources */,
			);
			runOnlyForDeploymentPostprocessing = 0;
		};
/* End PBXSourcesBuildPhase section */

/* Begin PBXTargetDependency section */
		6F5CB60229F1D4BB00E6BE50 /* PBXTargetDependency */ = {
			isa = PBXTargetDependency;
			target = 6F5CB5EE29F1D4B800E6BE50 /* swanapp */;
			targetProxy = 6F5CB60129F1D4BB00E6BE50 /* PBXContainerItemProxy */;
		};
		6F5CB60C29F1D4BB00E6BE50 /* PBXTargetDependency */ = {
			isa = PBXTargetDependency;
			target = 6F5CB5EE29F1D4B800E6BE50 /* swanapp */;
			targetProxy = 6F5CB60B29F1D4BB00E6BE50 /* PBXContainerItemProxy */;
		};
/* End PBXTargetDependency section */

/* Begin XCBuildConfiguration section */
		6F5CB61229F1D4BB00E6BE50 /* Debug */ = {
			isa = XCBuildConfiguration;
			buildSettings = {
				ALWAYS_SEARCH_USER_PATHS = NO;
				CLANG_ANALYZER_NONNULL = YES;
				CLANG_ANALYZER_NUMBER_OBJECT_CONVERSION = YES_AGGRESSIVE;
				CLANG_CXX_LANGUAGE_STANDARD = "gnu++20";
				CLANG_ENABLE_MODULES = YES;
				CLANG_ENABLE_OBJC_ARC = YES;
				CLANG_ENABLE_OBJC_WEAK = YES;
				CLANG_WARN_BLOCK_CAPTURE_AUTORELEASING = YES;
				CLANG_WARN_BOOL_CONVERSION = YES;
				CLANG_WARN_COMMA = YES;
				CLANG_WARN_CONSTANT_CONVERSION = YES;
				CLANG_WARN_DEPRECATED_OBJC_IMPLEMENTATIONS = YES;
				CLANG_WARN_DIRECT_OBJC_ISA_USAGE = YES_ERROR;
				CLANG_WARN_DOCUMENTATION_COMMENTS = YES;
				CLANG_WARN_EMPTY_BODY = YES;
				CLANG_WARN_ENUM_CONVERSION = YES;
				CLANG_WARN_INFINITE_RECURSION = YES;
				CLANG_WARN_INT_CONVERSION = YES;
				CLANG_WARN_NON_LITERAL_NULL_CONVERSION = YES;
				CLANG_WARN_OBJC_IMPLICIT_RETAIN_SELF = YES;
				CLANG_WARN_OBJC_LITERAL_CONVERSION = YES;
				CLANG_WARN_OBJC_ROOT_CLASS = YES_ERROR;
				CLANG_WARN_QUOTED_INCLUDE_IN_FRAMEWORK_HEADER = YES;
				CLANG_WARN_RANGE_LOOP_ANALYSIS = YES;
				CLANG_WARN_STRICT_PROTOTYPES = YES;
				CLANG_WARN_SUSPICIOUS_MOVE = YES;
				CLANG_WARN_UNGUARDED_AVAILABILITY = YES_AGGRESSIVE;
				CLANG_WARN_UNREACHABLE_CODE = YES;
				CLANG_WARN__DUPLICATE_METHOD_MATCH = YES;
				COPY_PHASE_STRIP = NO;
				DEBUG_INFORMATION_FORMAT = dwarf;
				ENABLE_STRICT_OBJC_MSGSEND = YES;
				ENABLE_TESTABILITY = YES;
				GCC_C_LANGUAGE_STANDARD = gnu11;
				GCC_DYNAMIC_NO_PIC = NO;
				GCC_NO_COMMON_BLOCKS = YES;
				GCC_OPTIMIZATION_LEVEL = 0;
				GCC_PREPROCESSOR_DEFINITIONS = (
					"DEBUG=1",
					"$(inherited)",
				);
				GCC_WARN_64_TO_32_BIT_CONVERSION = YES;
				GCC_WARN_ABOUT_RETURN_TYPE = YES_ERROR;
				GCC_WARN_UNDECLARED_SELECTOR = YES;
				GCC_WARN_UNINITIALIZED_AUTOS = YES_AGGRESSIVE;
				GCC_WARN_UNUSED_FUNCTION = YES;
				GCC_WARN_UNUSED_VARIABLE = YES;
				MTL_ENABLE_DEBUG_INFO = INCLUDE_SOURCE;
				MTL_FAST_MATH = YES;
				ONLY_ACTIVE_ARCH = YES;
				SWIFT_ACTIVE_COMPILATION_CONDITIONS = DEBUG;
				SWIFT_OPTIMIZATION_LEVEL = "-Onone";
			};
			name = Debug;
		};
		6F5CB61329F1D4BB00E6BE50 /* Release */ = {
			isa = XCBuildConfiguration;
			buildSettings = {
				ALWAYS_SEARCH_USER_PATHS = NO;
				CLANG_ANALYZER_NONNULL = YES;
				CLANG_ANALYZER_NUMBER_OBJECT_CONVERSION = YES_AGGRESSIVE;
				CLANG_CXX_LANGUAGE_STANDARD = "gnu++20";
				CLANG_ENABLE_MODULES = YES;
				CLANG_ENABLE_OBJC_ARC = YES;
				CLANG_ENABLE_OBJC_WEAK = YES;
				CLANG_WARN_BLOCK_CAPTURE_AUTORELEASING = YES;
				CLANG_WARN_BOOL_CONVERSION = YES;
				CLANG_WARN_COMMA = YES;
				CLANG_WARN_CONSTANT_CONVERSION = YES;
				CLANG_WARN_DEPRECATED_OBJC_IMPLEMENTATIONS = YES;
				CLANG_WARN_DIRECT_OBJC_ISA_USAGE = YES_ERROR;
				CLANG_WARN_DOCUMENTATION_COMMENTS = YES;
				CLANG_WARN_EMPTY_BODY = YES;
				CLANG_WARN_ENUM_CONVERSION = YES;
				CLANG_WARN_INFINITE_RECURSION = YES;
				CLANG_WARN_INT_CONVERSION = YES;
				CLANG_WARN_NON_LITERAL_NULL_CONVERSION = YES;
				CLANG_WARN_OBJC_IMPLICIT_RETAIN_SELF = YES;
				CLANG_WARN_OBJC_LITERAL_CONVERSION = YES;
				CLANG_WARN_OBJC_ROOT_CLASS = YES_ERROR;
				CLANG_WARN_QUOTED_INCLUDE_IN_FRAMEWORK_HEADER = YES;
				CLANG_WARN_RANGE_LOOP_ANALYSIS = YES;
				CLANG_WARN_STRICT_PROTOTYPES = YES;
				CLANG_WARN_SUSPICIOUS_MOVE = YES;
				CLANG_WARN_UNGUARDED_AVAILABILITY = YES_AGGRESSIVE;
				CLANG_WARN_UNREACHABLE_CODE = YES;
				CLANG_WARN__DUPLICATE_METHOD_MATCH = YES;
				COPY_PHASE_STRIP = NO;
				DEBUG_INFORMATION_FORMAT = "dwarf-with-dsym";
				ENABLE_NS_ASSERTIONS = NO;
				ENABLE_STRICT_OBJC_MSGSEND = YES;
				GCC_C_LANGUAGE_STANDARD = gnu11;
				GCC_NO_COMMON_BLOCKS = YES;
				GCC_WARN_64_TO_32_BIT_CONVERSION = YES;
				GCC_WARN_ABOUT_RETURN_TYPE = YES_ERROR;
				GCC_WARN_UNDECLARED_SELECTOR = YES;
				GCC_WARN_UNINITIALIZED_AUTOS = YES_AGGRESSIVE;
				GCC_WARN_UNUSED_FUNCTION = YES;
				GCC_WARN_UNUSED_VARIABLE = YES;
				MTL_ENABLE_DEBUG_INFO = NO;
				MTL_FAST_MATH = YES;
				SWIFT_COMPILATION_MODE = wholemodule;
				SWIFT_OPTIMIZATION_LEVEL = "-O";
			};
			name = Release;
		};
		6F5CB61529F1D4BB00E6BE50 /* Debug */ = {
			isa = XCBuildConfiguration;
			buildSettings = {
				ASSETCATALOG_COMPILER_APPICON_NAME = AppIcon;
				ASSETCATALOG_COMPILER_GLOBAL_ACCENT_COLOR_NAME = AccentColor;
				CODE_SIGN_ENTITLEMENTS = swanapp/swanapp.entitlements;
				CODE_SIGN_STYLE = Automatic;
				CURRENT_PROJECT_VERSION = 1;
				DEVELOPMENT_ASSET_PATHS = "\"swanapp/Preview Content\"";
				ENABLE_PREVIEWS = YES;
				GENERATE_INFOPLIST_FILE = YES;
				"INFOPLIST_KEY_UIApplicationSceneManifest_Generation[sdk=iphoneos*]" = YES;
				"INFOPLIST_KEY_UIApplicationSceneManifest_Generation[sdk=iphonesimulator*]" = YES;
				"INFOPLIST_KEY_UIApplicationSupportsIndirectInputEvents[sdk=iphoneos*]" = YES;
				"INFOPLIST_KEY_UIApplicationSupportsIndirectInputEvents[sdk=iphonesimulator*]" = YES;
				"INFOPLIST_KEY_UILaunchScreen_Generation[sdk=iphoneos*]" = YES;
				"INFOPLIST_KEY_UILaunchScreen_Generation[sdk=iphonesimulator*]" = YES;
				"INFOPLIST_KEY_UIStatusBarStyle[sdk=iphoneos*]" = UIStatusBarStyleDefault;
				"INFOPLIST_KEY_UIStatusBarStyle[sdk=iphonesimulator*]" = UIStatusBarStyleDefault;
				INFOPLIST_KEY_UISupportedInterfaceOrientations_iPad = "UIInterfaceOrientationPortrait UIInterfaceOrientationPortraitUpsideDown UIInterfaceOrientationLandscapeLeft UIInterfaceOrientationLandscapeRight";
				INFOPLIST_KEY_UISupportedInterfaceOrientations_iPhone = "UIInterfaceOrientationPortrait UIInterfaceOrientationLandscapeLeft UIInterfaceOrientationLandscapeRight";
				IPHONEOS_DEPLOYMENT_TARGET = 16.2;
				LD_RUNPATH_SEARCH_PATHS = "@executable_path/Frameworks";
				"LD_RUNPATH_SEARCH_PATHS[sdk=macosx*]" = "@executable_path/../Frameworks";
				MACOSX_DEPLOYMENT_TARGET = 13.1;
				MARKETING_VERSION = 1.0;
				PRODUCT_BUNDLE_IDENTIFIER = com.swaenepoellowie.swanapp.swanapp;
				PRODUCT_NAME = "$(TARGET_NAME)";
				SDKROOT = auto;
				SUPPORTED_PLATFORMS = "iphoneos iphonesimulator macosx";
				SWIFT_EMIT_LOC_STRINGS = YES;
				SWIFT_VERSION = 5.0;
				TARGETED_DEVICE_FAMILY = "1,2";
			};
			name = Debug;
		};
		6F5CB61629F1D4BB00E6BE50 /* Release */ = {
			isa = XCBuildConfiguration;
			buildSettings = {
				ASSETCATALOG_COMPILER_APPICON_NAME = AppIcon;
				ASSETCATALOG_COMPILER_GLOBAL_ACCENT_COLOR_NAME = AccentColor;
				CODE_SIGN_ENTITLEMENTS = swanapp/swanapp.entitlements;
				CODE_SIGN_STYLE = Automatic;
				CURRENT_PROJECT_VERSION = 1;
				DEVELOPMENT_ASSET_PATHS = "\"swanapp/Preview Content\"";
				ENABLE_PREVIEWS = YES;
				GENERATE_INFOPLIST_FILE = YES;
				"INFOPLIST_KEY_UIApplicationSceneManifest_Generation[sdk=iphoneos*]" = YES;
				"INFOPLIST_KEY_UIApplicationSceneManifest_Generation[sdk=iphonesimulator*]" = YES;
				"INFOPLIST_KEY_UIApplicationSupportsIndirectInputEvents[sdk=iphoneos*]" = YES;
				"INFOPLIST_KEY_UIApplicationSupportsIndirectInputEvents[sdk=iphonesimulator*]" = YES;
				"INFOPLIST_KEY_UILaunchScreen_Generation[sdk=iphoneos*]" = YES;
				"INFOPLIST_KEY_UILaunchScreen_Generation[sdk=iphonesimulator*]" = YES;
				"INFOPLIST_KEY_UIStatusBarStyle[sdk=iphoneos*]" = UIStatusBarStyleDefault;
				"INFOPLIST_KEY_UIStatusBarStyle[sdk=iphonesimulator*]" = UIStatusBarStyleDefault;
				INFOPLIST_KEY_UISupportedInterfaceOrientations_iPad = "UIInterfaceOrientationPortrait UIInterfaceOrientationPortraitUpsideDown UIInterfaceOrientationLandscapeLeft UIInterfaceOrientationLandscapeRight";
				INFOPLIST_KEY_UISupportedInterfaceOrientations_iPhone = "UIInterfaceOrientationPortrait UIInterfaceOrientationLandscapeLeft UIInterfaceOrientationLandscapeRight";
				IPHONEOS_DEPLOYMENT_TARGET = 16.2;
				LD_RUNPATH_SEARCH_PATHS = "@executable_path/Frameworks";
				"LD_RUNPATH_SEARCH_PATHS[sdk=macosx*]" = "@executable_path/../Frameworks";
				MACOSX_DEPLOYMENT_TARGET = 13.1;
				MARKETING_VERSION = 1.0;
				PRODUCT_BUNDLE_IDENTIFIER = com.swaenepoellowie.swanapp.swanapp;
				PRODUCT_NAME = "$(TARGET_NAME)";
				SDKROOT = auto;
				SUPPORTED_PLATFORMS = "iphoneos iphonesimulator macosx";
				SWIFT_EMIT_LOC_STRINGS = YES;
				SWIFT_VERSION = 5.0;
				TARGETED_DEVICE_FAMILY = "1,2";
			};
			name = Release;
		};
		6F5CB61829F1D4BB00E6BE50 /* Debug */ = {
			isa = XCBuildConfiguration;
			buildSettings = {
				ALWAYS_EMBED_SWIFT_STANDARD_LIBRARIES = YES;
				BUNDLE_LOADER = "$(TEST_HOST)";
				CODE_SIGN_STYLE = Automatic;
				CURRENT_PROJECT_VERSION = 1;
				GENERATE_INFOPLIST_FILE = YES;
				IPHONEOS_DEPLOYMENT_TARGET = 16.2;
				MACOSX_DEPLOYMENT_TARGET = 13.1;
				MARKETING_VERSION = 1.0;
				PRODUCT_BUNDLE_IDENTIFIER = com.swaenepoellowie.swanapp.swanappTests;
				PRODUCT_NAME = "$(TARGET_NAME)";
				SDKROOT = auto;
				SUPPORTED_PLATFORMS = "iphoneos iphonesimulator macosx";
				SWIFT_EMIT_LOC_STRINGS = NO;
				SWIFT_VERSION = 5.0;
				TARGETED_DEVICE_FAMILY = "1,2";
				TEST_HOST = "$(BUILT_PRODUCTS_DIR)/swanapp.app/$(BUNDLE_EXECUTABLE_FOLDER_PATH)/swanapp";
			};
			name = Debug;
		};
		6F5CB61929F1D4BB00E6BE50 /* Release */ = {
			isa = XCBuildConfiguration;
			buildSettings = {
				ALWAYS_EMBED_SWIFT_STANDARD_LIBRARIES = YES;
				BUNDLE_LOADER = "$(TEST_HOST)";
				CODE_SIGN_STYLE = Automatic;
				CURRENT_PROJECT_VERSION = 1;
				GENERATE_INFOPLIST_FILE = YES;
				IPHONEOS_DEPLOYMENT_TARGET = 16.2;
				MACOSX_DEPLOYMENT_TARGET = 13.1;
				MARKETING_VERSION = 1.0;
				PRODUCT_BUNDLE_IDENTIFIER = com.swaenepoellowie.swanapp.swanappTests;
				PRODUCT_NAME = "$(TARGET_NAME)";
				SDKROOT = auto;
				SUPPORTED_PLATFORMS = "iphoneos iphonesimulator macosx";
				SWIFT_EMIT_LOC_STRINGS = NO;
				SWIFT_VERSION = 5.0;
				TARGETED_DEVICE_FAMILY = "1,2";
				TEST_HOST = "$(BUILT_PRODUCTS_DIR)/swanapp.app/$(BUNDLE_EXECUTABLE_FOLDER_PATH)/swanapp";
			};
			name = Release;
		};
		6F5CB61B29F1D4BB00E6BE50 /* Debug */ = {
			isa = XCBuildConfiguration;
			buildSettings = {
				ALWAYS_EMBED_SWIFT_STANDARD_LIBRARIES = YES;
				CODE_SIGN_STYLE = Automatic;
				CURRENT_PROJECT_VERSION = 1;
				GENERATE_INFOPLIST_FILE = YES;
				IPHONEOS_DEPLOYMENT_TARGET = 16.2;
				MACOSX_DEPLOYMENT_TARGET = 13.1;
				MARKETING_VERSION = 1.0;
				PRODUCT_BUNDLE_IDENTIFIER = com.swaenepoellowie.swanapp.swanappUITests;
				PRODUCT_NAME = "$(TARGET_NAME)";
				SDKROOT = auto;
				SUPPORTED_PLATFORMS = "iphoneos iphonesimulator macosx";
				SWIFT_EMIT_LOC_STRINGS = NO;
				SWIFT_VERSION = 5.0;
				TARGETED_DEVICE_FAMILY = "1,2";
				TEST_TARGET_NAME = swanapp;
			};
			name = Debug;
		};
		6F5CB61C29F1D4BB00E6BE50 /* Release */ = {
			isa = XCBuildConfiguration;
			buildSettings = {
				ALWAYS_EMBED_SWIFT_STANDARD_LIBRARIES = YES;
				CODE_SIGN_STYLE = Automatic;
				CURRENT_PROJECT_VERSION = 1;
				GENERATE_INFOPLIST_FILE = YES;
				IPHONEOS_DEPLOYMENT_TARGET = 16.2;
				MACOSX_DEPLOYMENT_TARGET = 13.1;
				MARKETING_VERSION = 1.0;
				PRODUCT_BUNDLE_IDENTIFIER = com.swaenepoellowie.swanapp.swanappUITests;
				PRODUCT_NAME = "$(TARGET_NAME)";
				SDKROOT = auto;
				SUPPORTED_PLATFORMS = "iphoneos iphonesimulator macosx";
				SWIFT_EMIT_LOC_STRINGS = NO;
				SWIFT_VERSION = 5.0;
				TARGETED_DEVICE_FAMILY = "1,2";
				TEST_TARGET_NAME = swanapp;
			};
			name = Release;
		};
/* End XCBuildConfiguration section */

/* Begin XCConfigurationList section */
		6F5CB5EA29F1D4B800E6BE50 /* Build configuration list for PBXProject "swanapp" */ = {
			isa = XCConfigurationList;
			buildConfigurations = (
				6F5CB61229F1D4BB00E6BE50 /* Debug */,
				6F5CB61329F1D4BB00E6BE50 /* Release */,
			);
			defaultConfigurationIsVisible = 0;
			defaultConfigurationName = Release;
		};
		6F5CB61429F1D4BB00E6BE50 /* Build configuration list for PBXNativeTarget "swanapp" */ = {
			isa = XCConfigurationList;
			buildConfigurations = (
				6F5CB61529F1D4BB00E6BE50 /* Debug */,
				6F5CB61629F1D4BB00E6BE50 /* Release */,
			);
			defaultConfigurationIsVisible = 0;
			defaultConfigurationName = Release;
		};
		6F5CB61729F1D4BB00E6BE50 /* Build configuration list for PBXNativeTarget "swanappTests" */ = {
			isa = XCConfigurationList;
			buildConfigurations = (
				6F5CB61829F1D4BB00E6BE50 /* Debug */,
				6F5CB61929F1D4BB00E6BE50 /* Release */,
			);
			defaultConfigurationIsVisible = 0;
			defaultConfigurationName = Release;
		};
		6F5CB61A29F1D4BB00E6BE50 /* Build configuration list for PBXNativeTarget "swanappUITests" */ = {
			isa = XCConfigurationList;
			buildConfigurations = (
				6F5CB61B29F1D4BB00E6BE50 /* Debug */,
				6F5CB61C29F1D4BB00E6BE50 /* Release */,
			);
			defaultConfigurationIsVisible = 0;
			defaultConfigurationName = Release;
		};
/* End XCConfigurationList section */
	};
	rootObject = 6F5CB5E729F1D4B800E6BE50 /* Project object */;
}
